
Microsoft Visual Studio Solution File, Format Version 12.00
# Visual Studio Version 16
VisualStudioVersion = 16.0.31321.278
MinimumVisualStudioVersion = 10.0.40219.1
Project("{FAE04EC0-301F-11D3-BF4B-00C04F79EFBC}") = "ConsoleApp18", "ConsoleApp18\ConsoleApp18.csproj", "{40E9D3C5-5EEA-4DD1-97F1-E092792C955E}"
EndProject
Global
	GlobalSection(SolutionConfigurationPlatforms) = preSolution
		Debug|Any CPU = Debug|Any CPU
		Release|Any CPU = Release|Any CPU
	EndGlobalSection
	GlobalSection(ProjectConfigurationPlatforms) = postSolution
		{40E9D3C5-5EEA-4DD1-97F1-E092792C955E}.Debug|Any CPU.ActiveCfg = Debug|Any CPU
		{40E9D3C5-5EEA-4DD1-97F1-E092792C955E}.Debug|Any CPU.Build.0 = Debug|Any CPU
		{40E9D3C5-5EEA-4DD1-97F1-E092792C955E}.Release|Any CPU.ActiveCfg = Release|Any CPU
		{40E9D3C5-5EEA-4DD1-97F1-E092792C955E}.Release|Any CPU.Build.0 = Release|Any CPU
	EndGlobalSection
	GlobalSection(SolutionProperties) = preSolution
		HideSolutionNode = FALSE
	EndGlobalSection
	GlobalSection(ExtensibilityGlobals) = postSolution
		SolutionGuid = {9EC85A76-BB11-4871-BC5D-6AA3EF5A103A}
	EndGlobalSection
EndGlobal
